# This file was autogenerated by Stack.
# You should not edit this file by hand.
# For more information, please see the documentation at:
#   https://docs.haskellstack.org/en/stable/lock_files

packages:
- completed:
    hackage: crypton-1.0.0@sha256:637e58581978c84ef1288d14fa9cac1d2905ef60e319924293bc11250aca882d,14527
    pantry-tree:
      sha256: 4b5e5511567c0fe735a224cb8b2b278e1caa79344f2940d030d169e69b1b81e1
      size: 23275
  original:
    hackage: crypton-1.0.0
- completed:
    hackage: fec-0.2.0@sha256:e5740424d9a4b21e63a12ed9fad1cb099ff723c7f3bedca635276098822f7bb6,2451
    pantry-tree:
      sha256: 752d0364288b0927e869a354969f3f37804b560ecca41ab0170fc666e79cca48
      size: 561
  original:
    hackage: fec-0.2.0
- completed:
    hackage: network-simple-tls-0.4.2@sha256:880d4e1f87e6984d6e8c912b00a599d03174ec6741b379f006f78c0711343b63,1422
    pantry-tree:
      sha256: 9672e0e59e580e512a34fbfc2308d4ca66ccd8ed472943a3126d14187d31ae92
      size: 333
  original:
    hackage: network-simple-tls-0.4.2
- completed:
    hackage: servant-js-0.9.4.2@sha256:aa675b06e43c3182b6eb4efe44d0ab88334ce4fd89c31fec61582d2870893c16,3571
    pantry-tree:
      sha256: 9c86eea630b862164ec0a36fd51938e9c7ae566f2bb53d22aed3352d810df458
      size: 961
  original:
    hackage: servant-js-0.9.4.2@rev:5
- completed:
    hackage: stm-lifted-2.5.0.0@sha256:0b4c29ae5a15dcee9ed5590e09b076f54f154e0ea3d876c2586fed267ab5fa0d,1210
    pantry-tree:
      sha256: 1bb16f138d412af3abdfb69024a203c1ee2b232fc3972526415547df4b09bfe3
      size: 831
  original:
    hackage: stm-lifted-2.5.0.0
snapshots:
- completed:
    sha256: 6a553c5fa4f211a9b639da5e5359124a93627852dd9967bed202fdd71b25f15e
    size: 720021
    url: https://raw.githubusercontent.com/commercialhaskell/stackage-snapshots/master/lts/22/36.yaml
  original: lts-22.36
