# This file was autogenerated by Stack.
# You should not edit this file by hand.
# For more information, please see the documentation at:
#   https://docs.haskellstack.org/en/stable/lock_files

packages:
- completed:
    commit: 30b200d487bccd2568de1257a812a464270d0096
    git: https://github.com/brendanhay/amazonka.git
    name: amazonka
    pantry-tree:
      sha256: 449e5e0777359ebb56ead5fca6aeef5ec4f5bdd82a810ad3ba30432055efaa8b
      size: 1528
    subdir: lib/amazonka
    version: '2.0'
  original:
    commit: 30b200d487bccd2568de1257a812a464270d0096
    git: https://github.com/brendanhay/amazonka.git
    subdir: lib/amazonka
- completed:
    commit: 30b200d487bccd2568de1257a812a464270d0096
    git: https://github.com/brendanhay/amazonka.git
    name: amazonka-core
    pantry-tree:
      sha256: e560d220c73068da280e8532d27f4cee341c2c05efd2f5d5b1b0336cb24ccb1b
      size: 3222
    subdir: lib/amazonka-core
    version: '2.0'
  original:
    commit: 30b200d487bccd2568de1257a812a464270d0096
    git: https://github.com/brendanhay/amazonka.git
    subdir: lib/amazonka-core
- completed:
    commit: 30b200d487bccd2568de1257a812a464270d0096
    git: https://github.com/brendanhay/amazonka.git
    name: amazonka-s3
    pantry-tree:
      sha256: 50bb47db3771d94ee26711bad9d91b1dc32e6466a9a580e9333af434728052b1
      size: 38690
    subdir: lib/services/amazonka-s3
    version: '2.0'
  original:
    commit: 30b200d487bccd2568de1257a812a464270d0096
    git: https://github.com/brendanhay/amazonka.git
    subdir: lib/services/amazonka-s3
- completed:
    commit: 30b200d487bccd2568de1257a812a464270d0096
    git: https://github.com/brendanhay/amazonka.git
    name: amazonka-sso
    pantry-tree:
      sha256: f8897d82072d662605f60dc3d18e921c04bbb337b5d7caaeaece36fc8aee7fb9
      size: 1817
    subdir: lib/services/amazonka-sso
    version: '2.0'
  original:
    commit: 30b200d487bccd2568de1257a812a464270d0096
    git: https://github.com/brendanhay/amazonka.git
    subdir: lib/services/amazonka-sso
- completed:
    commit: 30b200d487bccd2568de1257a812a464270d0096
    git: https://github.com/brendanhay/amazonka.git
    name: amazonka-sts
    pantry-tree:
      sha256: b2a18c0a04c999f9f32e114ad94bf76a89e463dbb16063ebf0899ee28808f898
      size: 2880
    subdir: lib/services/amazonka-sts
    version: '2.0'
  original:
    commit: 30b200d487bccd2568de1257a812a464270d0096
    git: https://github.com/brendanhay/amazonka.git
    subdir: lib/services/amazonka-sts
- completed:
    hackage: OneTuple-0.4.2@sha256:ce39b24139694ee1facfdbf0eed3fbca3444fa3c7bcaa386c65cd4e1b7691a4d,1976
    pantry-tree:
      sha256: b0de4b84e7f224bc8d5c28c173e8a652feaf1da71589290d1a9702d474b9cc1e
      size: 506
  original:
    hackage: OneTuple-0.4.2
- completed:
    hackage: crypton-1.0.0@sha256:637e58581978c84ef1288d14fa9cac1d2905ef60e319924293bc11250aca882d,14527
    pantry-tree:
      sha256: 4b5e5511567c0fe735a224cb8b2b278e1caa79344f2940d030d169e69b1b81e1
      size: 23275
  original:
    hackage: crypton-1.0.0
- completed:
    hackage: fec-0.2.0@sha256:e5740424d9a4b21e63a12ed9fad1cb099ff723c7f3bedca635276098822f7bb6,2451
    pantry-tree:
      sha256: 752d0364288b0927e869a354969f3f37804b560ecca41ab0170fc666e79cca48
      size: 561
  original:
    hackage: fec-0.2.0
- completed:
    hackage: network-simple-tls-0.4.2@sha256:880d4e1f87e6984d6e8c912b00a599d03174ec6741b379f006f78c0711343b63,1422
    pantry-tree:
      sha256: 9672e0e59e580e512a34fbfc2308d4ca66ccd8ed472943a3126d14187d31ae92
      size: 333
  original:
    hackage: network-simple-tls-0.4.2
- completed:
    hackage: servant-js-0.9.4.2@sha256:aa675b06e43c3182b6eb4efe44d0ab88334ce4fd89c31fec61582d2870893c16,3571
    pantry-tree:
      sha256: 9c86eea630b862164ec0a36fd51938e9c7ae566f2bb53d22aed3352d810df458
      size: 961
  original:
    hackage: servant-js-0.9.4.2@rev:5
- completed:
    hackage: stm-lifted-2.5.0.0@sha256:0b4c29ae5a15dcee9ed5590e09b076f54f154e0ea3d876c2586fed267ab5fa0d,1210
    pantry-tree:
      sha256: 1bb16f138d412af3abdfb69024a203c1ee2b232fc3972526415547df4b09bfe3
      size: 831
  original:
    hackage: stm-lifted-2.5.0.0
- completed:
    hackage: x509-1.7.7@sha256:90eef2d745a654146fc1c325e035eaddac531e4d2145d4bc1dcf4b8fad439d34,2276
    pantry-tree:
      sha256: d81ffd09633c0417bcedbfc29f870cc843ec0750edd2f73c8fd60a5e5df278d2
      size: 1124
  original:
    hackage: x509-1.7.7
snapshots:
- completed:
    sha256: 31ec86ffd80006e42b2014d9458dacc1c04a03168be8def03d2ca705db1221b8
    size: 664618
    url: https://raw.githubusercontent.com/commercialhaskell/stackage-snapshots/master/nightly/2024/9/30.yaml
  original: nightly-2024-09-30
