# This file was autogenerated by Stack.
# You should not edit this file by hand.
# For more information, please see the documentation at:
#   https://docs.haskellstack.org/en/stable/lock_files

packages:
- completed:
    commit: 6544c432230e25fadff383bb7adfff211c89e89d
    git: https://gitlab.com/tahoe-lafs/tahoe-great-black-swamp.git
    name: tahoe-great-black-swamp
    pantry-tree:
      sha256: dcc3a3de6ab35404b3f687010763fd754d961cccc1187bd93c1f914db7297ac5
      size: 2371
    version: 0.6.0.0
  original:
    commit: 6544c432230e25fadff383bb7adfff211c89e89d
    git: https://gitlab.com/tahoe-lafs/tahoe-great-black-swamp.git
- completed:
    commit: ae4d7c1427af533cc607adc116d989ad836ee9aa
    git: https://gitlab.com/tahoe-lafs/tahoe-great-black-swamp-testing.git
    name: tahoe-great-black-swamp-testing
    pantry-tree:
      sha256: cd3743eba97dfc4630877ad932a4e28a10371257af7d1ad89eb279a9fee65859
      size: 402
    version: 0.6.0.0
  original:
    commit: ae4d7c1427af533cc607adc116d989ad836ee9aa
    git: https://gitlab.com/tahoe-lafs/tahoe-great-black-swamp-testing.git
- completed:
    hackage: OneTuple-0.4.2@sha256:ce39b24139694ee1facfdbf0eed3fbca3444fa3c7bcaa386c65cd4e1b7691a4d,1976
    pantry-tree:
      sha256: b0de4b84e7f224bc8d5c28c173e8a652feaf1da71589290d1a9702d474b9cc1e
      size: 506
  original:
    hackage: OneTuple-0.4.2
- completed:
    hackage: aeson-1.5.6.0@sha256:6e617a81afddc3797a4a1e40f303b264d50eba1f030fe9f8818ec2028cf77ae1,6794
    pantry-tree:
      sha256: 6fc377f7dc8ec4387d6e90b95ca55d4cfd9721c4c15c39ca6f7921da913e1908
      size: 37981
  original:
    hackage: aeson-1.5.6.0@rev:7
- completed:
    hackage: amazonka-2.0@sha256:d401ac9094bb331d1bfb9be879d9007ca6bc94085ab745de5aa827128ad7917c,3522
    pantry-tree:
      sha256: b9fa0aaccff472ac93200d505678fb560ce15a9e409bdff61e1a3e08ed89d344
      size: 1528
  original:
    hackage: amazonka-2.0
- completed:
    hackage: amazonka-core-2.0@sha256:b60507a2791d05ce6fb69544a854c0ee0ec794908400aebe9adcacedf9cd4e17,4585
    pantry-tree:
      sha256: 60d4c21ff717e3cfa3fc78812c6d1032e22c27d9427d2ab42f649a6cc0b70d0d
      size: 3222
  original:
    hackage: amazonka-core-2.0
- completed:
    hackage: amazonka-s3-2.0@sha256:1d93bec43e0fc9bc3a57c43aeeb010c74a60afd3af5acd077731aad923f99802,13870
    pantry-tree:
      sha256: 0b88c93134287ca43f169d2163acce45700bab1ea81e97f11de4d4330db7c9fa
      size: 38690
  original:
    hackage: amazonka-s3-2.0
- completed:
    hackage: amazonka-sso-2.0@sha256:dfb9232d66fac2a912f63aa5ddaf56ea495649cc3ab451b5102f8ec579dedc4f,3012
    pantry-tree:
      sha256: 1018821c55d328ad72e532267bc27528353fc226ad43817a9e8ea91509b9b7a9
      size: 1817
  original:
    hackage: amazonka-sso-2.0
- completed:
    hackage: amazonka-sts-2.0@sha256:949968463bde023a6b8035527b5da5585da8e3c36f0366eedf663aac2b9d5d12,3226
    pantry-tree:
      sha256: b761d4c67118c25f4711c183b4983903a3a759d5802b91795f603cb0555bfb0e
      size: 2880
  original:
    hackage: amazonka-sts-2.0
- completed:
    hackage: crypton-1.0.0@sha256:637e58581978c84ef1288d14fa9cac1d2905ef60e319924293bc11250aca882d,14527
    pantry-tree:
      sha256: 4b5e5511567c0fe735a224cb8b2b278e1caa79344f2940d030d169e69b1b81e1
      size: 23275
  original:
    hackage: crypton-1.0.0
- completed:
    hackage: data-array-byte-0.1.0.1@sha256:a4a1975fde77e289b605c45a3ef78d731d8c1834e4cef311152d910a1e94d98c,1989
    pantry-tree:
      sha256: 02f71ea84081a6e8d576e90511f76e476a397b53439ce4f73356e2f8df443a24
      size: 326
  original:
    hackage: data-array-byte-0.1.0.1
- completed:
    hackage: fec-0.2.0@sha256:e5740424d9a4b21e63a12ed9fad1cb099ff723c7f3bedca635276098822f7bb6,2451
    pantry-tree:
      sha256: 752d0364288b0927e869a354969f3f37804b560ecca41ab0170fc666e79cca48
      size: 561
  original:
    hackage: fec-0.2.0
- completed:
    hackage: foldable1-classes-compat-0.1@sha256:f2f1c40f9e3322ce8d4101cb2925b420e19b993ef543a6b106d91accf08be78d,3782
    pantry-tree:
      sha256: d022a7175e27fd85dd1053ac6f4bf8818cfe0d8e360908aba7d7a1c3d95b227b
      size: 518
  original:
    hackage: foldable1-classes-compat-0.1
- completed:
    hackage: hashable-1.4.7.0@sha256:573f3ab242f75465a0d67ce9d84202650a1606575e6dbd6d31ffcf4767a9a379,6629
    pantry-tree:
      sha256: 9ec168505c52fa389b7447a1251b302e32537adeecac88c2aa72beed53beb3bd
      size: 1578
  original:
    hackage: hashable-1.4.7.0
- completed:
    hackage: http-api-data-0.4.3@sha256:f4134a06d6544193a4d088df362e132a6cb71a0538f5636bf860971cd0879960,3845
    pantry-tree:
      sha256: 05c7bfafbf73d7d8eff5915b580e5ef6bf85232764fad871476a6952f746d9f9
      size: 887
  original:
    hackage: http-api-data-0.4.3
- completed:
    hackage: lens-5.2.3@sha256:08f4e81aa3fa3f175f6932089d6bb8b17669e3d00aa2968b853287e5e8d7f024,15237
    pantry-tree:
      sha256: 73d156aed554ee493d74f43b605e0f2443f1da5ea6d9333a55b5666564fe3b8c
      size: 8351
  original:
    hackage: lens-5.2.3
- completed:
    hackage: network-3.1.4.0@sha256:e152cdb03243afb52bbc740cfbe96905ca298a6f6342f0c47b3f2e227ff19def,5208
    pantry-tree:
      sha256: 051aa7831a4f34a627cda46cdcc1c49b87790878a76aa3cb62e7e0490287fd9a
      size: 3977
  original:
    hackage: network-3.1.4.0
- completed:
    hackage: quickcheck-instances-0.3.30@sha256:b78d12e5a46e0ae0087d5e4326b02392b3842270c76a146fc57d82d5bd44194e,4921
    pantry-tree:
      sha256: ac01822fc5a9ece1e8de8e6614489c31727998235f30afd8b867ac094946c808
      size: 2441
  original:
    hackage: quickcheck-instances-0.3.30
- completed:
    hackage: semialign-1.2.0.1@sha256:ee3468e349e72ec0a604ae05573a4de7181d97d10366254244a0cca8a76d6c35,2852
    pantry-tree:
      sha256: 5d5420cd362beee642537472026ba42cf7f9c75e423b9ecc4a1b3482e247375b
      size: 537
  original:
    hackage: semialign-1.2.0.1
- completed:
    hackage: servant-docs-0.12@sha256:ada81c8af4f1273c9e225b043a92421dee66f9fcf91adf431480e17ac8fb9d92,3383
    pantry-tree:
      sha256: 14541bc161c7fced7371deb0354d9a1ac65b3f11c32c748455d32029f8d42966
      size: 702
  original:
    hackage: servant-docs-0.12
- completed:
    hackage: servant-foreign-0.15.4@sha256:ee260dbc2e5a27aee5d31c6231d14570cb65a978af401f7ff3078c9a206b6c36,2873
    pantry-tree:
      sha256: c634ac148854169e26f3b43ba75e8c392a6355bfec591fbf83b864cd7b0ad251
      size: 590
  original:
    hackage: servant-foreign-0.15.4@rev:8
- completed:
    hackage: servant-js-0.9.4.2@sha256:aa675b06e43c3182b6eb4efe44d0ab88334ce4fd89c31fec61582d2870893c16,3571
    pantry-tree:
      sha256: 9c86eea630b862164ec0a36fd51938e9c7ae566f2bb53d22aed3352d810df458
      size: 961
  original:
    hackage: servant-js-0.9.4.2
- completed:
    hackage: tahoe-chk-0.2.0.0@sha256:96a40907f662b07571e1d515dd3b90a740691b73a80b86bb45cda64923ca7fa9,4773
    pantry-tree:
      sha256: 0d32a411d476b007428421dcaf09fbadba89c71b40140bdaac67c9c9d413b41f
      size: 1980
  original:
    hackage: tahoe-chk-0.2.0.0
- completed:
    hackage: text-short-0.1.6@sha256:5953dc14c71b6047edab2dc89e922678ff5cbe2e98d16b9e7078150083940be4,2812
    pantry-tree:
      sha256: 2bf0d894430aa05c0d60ac901fd224dd2a9acb0e13e83cb241afbfb571e0be75
      size: 612
  original:
    hackage: text-short-0.1.6
- completed:
    hackage: tree-diff-0.3.0.1@sha256:093c1731742686a1e349cf44e1f7f6a0486ee09419db981e3252aaade5e1f098,5475
    pantry-tree:
      sha256: 504b9d0f199be08875df51a121deb0ac3a2b8fa2f0987374cbea9c5da5a4f6d0
      size: 1357
  original:
    hackage: tree-diff-0.3.0.1
snapshots:
- completed:
    sha256: 428ec8d5ce932190d3cbe266b9eb3c175cd81e984babf876b64019e2cbe4ea68
    size: 590100
    url: https://raw.githubusercontent.com/commercialhaskell/stackage-snapshots/master/lts/18/28.yaml
  original: lts-18.28
